{
  "object": {
    "pins": [
      {
        "package": "swift-argument-parser",
        "repositoryURL": "https://github.com/apple/swift-argument-parser.git",
        "state": {
          "branch": null,
          "revision": "223d62adc52d51669ae2ee19bdb8b7d9fd6fcd9c",
          "version": "0.0.6"
        }
      },
      {
        "package": "llbuild",
        "repositoryURL": "https://github.com/apple/swift-llbuild.git",
        "state": {
          "branch": "swift-5.2-branch",
          "revision": "d6dd04202d509f91d61aef89236db0da8f27d356",
          "version": null
        }
      },
      {
        "package": "SwiftPM",
        "repositoryURL": "https://github.com/apple/swift-package-manager.git",
        "state": {
          "branch": "swift-5.2.3-RELEASE",
          "revision": "b38b1cb61325a9d0e287d1ad9ffb5cfae38e7a22",
          "version": null
        }
      },
      {
        "package": "swift-tools-support-core",
        "repositoryURL": "https://github.com/apple/swift-tools-support-core.git",
        "state": {
          "branch": "swift-5.2-branch",
          "revision": "7ecf17a83eab20cbd700d7e45d66c03409bc72d0",
          "version": null
        }
      }
    ]
  },
  "version": 1
}
